
Microsoft Visual Studio Solution File, Format Version 12.00
# Visual Studio Version 17
VisualStudioVersion = 17.13.35931.197 d17.13
MinimumVisualStudioVersion = 10.0.40219.1
Project("{8BC9CEB8-8B4A-11D0-8D11-00A0C91BC942}") = "ZeroDis", "ZeroDis\ZeroDis.vcxproj", "{2362515C-C77C-4B3F-95C5-33EC8AEC5FF1}"
EndProject
Global
	GlobalSection(SolutionConfigurationPlatforms) = preSolution
		Debug|x64 = Debug|x64
		Debug|x86 = Debug|x86
		Release|x64 = Release|x64
		Release|x86 = Release|x86
	EndGlobalSection
	GlobalSection(ProjectConfigurationPlatforms) = postSolution
		{2362515C-C77C-4B3F-95C5-33EC8AEC5FF1}.Debug|x64.ActiveCfg = Debug|x64
		{2362515C-C77C-4B3F-95C5-33EC8AEC5FF1}.Debug|x64.Build.0 = Debug|x64
		{2362515C-C77C-4B3F-95C5-33EC8AEC5FF1}.Debug|x86.ActiveCfg = Debug|Win32
		{2362515C-C77C-4B3F-95C5-33EC8AEC5FF1}.Debug|x86.Build.0 = Debug|Win32
		{2362515C-C77C-4B3F-95C5-33EC8AEC5FF1}.Release|x64.ActiveCfg = Release|x64
		{2362515C-C77C-4B3F-95C5-33EC8AEC5FF1}.Release|x64.Build.0 = Release|x64
		{2362515C-C77C-4B3F-95C5-33EC8AEC5FF1}.Release|x86.ActiveCfg = Release|Win32
		{2362515C-C77C-4B3F-95C5-33EC8AEC5FF1}.Release|x86.Build.0 = Release|Win32
	EndGlobalSection
	GlobalSection(SolutionProperties) = preSolution
		HideSolutionNode = FALSE
	EndGlobalSection
	GlobalSection(ExtensibilityGlobals) = postSolution
		SolutionGuid = {B08DD190-A260-4558-820E-3F9FAC053427}
	EndGlobalSection
EndGlobal
